// !$*UTF8*$!
{
	archiveVersion = 1;
	classes = {
	};
	objectVersion = 46;
	objects = {

/* Begin PBXBuildFile section */
		BE2CBFB81B1B48AC0049010E /* AppCoreModel.m in Sources */ = {isa = PBXBuildFile; fileRef = BE2CBFB71B1B48AC0049010E /* AppCoreModel.m */; };
		BE2CBFBC1B1B4A2F0049010E /* CoreDataCommonHelper.m in Sources */ = {isa = PBXBuildFile; fileRef = BE2CBFBB1B1B4A2F0049010E /* CoreDataCommonHelper.m */; };
		BE2CBFBF1B1B4B5E0049010E /* AppCoreDataModel.xcdatamodeld in Sources */ = {isa = PBXBuildFile; fileRef = BE2CBFBD1B1B4B5E0049010E /* AppCoreDataModel.xcdatamodeld */; };
		BE2CBFCB1B1B52BC0049010E /* CategoryModel.m in Sources */ = {isa = PBXBuildFile; fileRef = BE2CBFCA1B1B52BC0049010E /* CategoryModel.m */; };
		BE2CBFCE1B1B58150049010E /* NoteModel.m in Sources */ = {isa = PBXBuildFile; fileRef = BE2CBFCD1B1B58150049010E /* NoteModel.m */; };
		BE2CBFD11B1B73980049010E /* NoteHelper.m in Sources */ = {isa = PBXBuildFile; fileRef = BE2CBFD01B1B73980049010E /* NoteHelper.m */; };
		BE43D3561B1B8A1C00BA7794 /* CategoryHelper.m in Sources */ = {isa = PBXBuildFile; fileRef = BE43D3551B1B8A1C00BA7794 /* CategoryHelper.m */; };
		BE43D3591B1B8F5C00BA7794 /* EditCategoryViewController.m in Sources */ = {isa = PBXBuildFile; fileRef = BE43D3581B1B8F5C00BA7794 /* EditCategoryViewController.m */; };
		BE43D35C1B1B950000BA7794 /* ImagePickerHelper.m in Sources */ = {isa = PBXBuildFile; fileRef = BE43D35B1B1B950000BA7794 /* ImagePickerHelper.m */; };
		BE43D3631B1B98B600BA7794 /* ExpandableSearchBar.m in Sources */ = {isa = PBXBuildFile; fileRef = BE43D3611B1B98B600BA7794 /* ExpandableSearchBar.m */; };
		BE43D3641B1B98B600BA7794 /* ExpandableSearchBar.xib in Resources */ = {isa = PBXBuildFile; fileRef = BE43D3621B1B98B600BA7794 /* ExpandableSearchBar.xib */; };
		BE43D36B1B1B98FB00BA7794 /* CategoryCollectionView.m in Sources */ = {isa = PBXBuildFile; fileRef = BE43D36A1B1B98FB00BA7794 /* CategoryCollectionView.m */; };
		BE43D36D1B1B991200BA7794 /* CategoryCollectionView.xib in Resources */ = {isa = PBXBuildFile; fileRef = BE43D36C1B1B991200BA7794 /* CategoryCollectionView.xib */; };
		BE43D3701B1B9A0500BA7794 /* CAImageCollectionLayout.m in Sources */ = {isa = PBXBuildFile; fileRef = BE43D36F1B1B9A0500BA7794 /* CAImageCollectionLayout.m */; };
		BE43D3771B1BA62400BA7794 /* CategoryCollectionViewCell.m in Sources */ = {isa = PBXBuildFile; fileRef = BE43D3751B1BA62400BA7794 /* CategoryCollectionViewCell.m */; };
		BE43D3781B1BA62400BA7794 /* CategoryCollectionViewCell.xib in Resources */ = {isa = PBXBuildFile; fileRef = BE43D3761B1BA62400BA7794 /* CategoryCollectionViewCell.xib */; };
		BE9146131B0893C70084D0FA /* main.m in Sources */ = {isa = PBXBuildFile; fileRef = BE9146121B0893C70084D0FA /* main.m */; };
		BE9146161B0893C70084D0FA /* AppDelegate.m in Sources */ = {isa = PBXBuildFile; fileRef = BE9146151B0893C70084D0FA /* AppDelegate.m */; };
		BE91461F1B0893C70084D0FA /* Main.storyboard in Resources */ = {isa = PBXBuildFile; fileRef = BE91461D1B0893C70084D0FA /* Main.storyboard */; };
		BE9146211B0893C70084D0FA /* Images.xcassets in Resources */ = {isa = PBXBuildFile; fileRef = BE9146201B0893C70084D0FA /* Images.xcassets */; };
		BE9146241B0893C70084D0FA /* LaunchScreen.xib in Resources */ = {isa = PBXBuildFile; fileRef = BE9146221B0893C70084D0FA /* LaunchScreen.xib */; };
		BE9146301B0893C70084D0FA /* sticky_noteTests.m in Sources */ = {isa = PBXBuildFile; fileRef = BE91462F1B0893C70084D0FA /* sticky_noteTests.m */; };
		BE91463B1B08A2F40084D0FA /* CategoryViewController.m in Sources */ = {isa = PBXBuildFile; fileRef = BE91463A1B08A2F40084D0FA /* CategoryViewController.m */; };
		BE91463F1B08A3100084D0FA /* SearchViewController.m in Sources */ = {isa = PBXBuildFile; fileRef = BE91463E1B08A3100084D0FA /* SearchViewController.m */; };
		BE9146481B08A6E80084D0FA /* QuickNoteViewController.m in Sources */ = {isa = PBXBuildFile; fileRef = BE9146471B08A6E80084D0FA /* QuickNoteViewController.m */; };
/* End PBXBuildFile section */

/* Begin PBXContainerItemProxy section */
		BE91462A1B0893C70084D0FA /* PBXContainerItemProxy */ = {
			isa = PBXContainerItemProxy;
			containerPortal = BE9146051B0893C70084D0FA /* Project object */;
			proxyType = 1;
			remoteGlobalIDString = BE91460C1B0893C70084D0FA;
			remoteInfo = "sticky note";
		};
/* End PBXContainerItemProxy section */

/* Begin PBXFileReference section */
		BE2CBFB61B1B48AC0049010E /* AppCoreModel.h */ = {isa = PBXFileReference; fileEncoding = 4; lastKnownFileType = sourcecode.c.h; name = AppCoreModel.h; path = "Model Classes/AppCoreModel.h"; sourceTree = "<group>"; };
		BE2CBFB71B1B48AC0049010E /* AppCoreModel.m */ = {isa = PBXFileReference; fileEncoding = 4; lastKnownFileType = sourcecode.c.objc; name = AppCoreModel.m; path = "Model Classes/AppCoreModel.m"; sourceTree = "<group>"; };
		BE2CBFBA1B1B4A2F0049010E /* CoreDataCommonHelper.h */ = {isa = PBXFileReference; fileEncoding = 4; lastKnownFileType = sourcecode.c.h; name = CoreDataCommonHelper.h; path = "Helper Classes/CoreDataCommonHelper.h"; sourceTree = "<group>"; };
		BE2CBFBB1B1B4A2F0049010E /* CoreDataCommonHelper.m */ = {isa = PBXFileReference; fileEncoding = 4; lastKnownFileType = sourcecode.c.objc; name = CoreDataCommonHelper.m; path = "Helper Classes/CoreDataCommonHelper.m"; sourceTree = "<group>"; };
		BE2CBFBE1B1B4B5E0049010E /* AppCoreDataModel.xcdatamodel */ = {isa = PBXFileReference; lastKnownFileType = wrapper.xcdatamodel; path = AppCoreDataModel.xcdatamodel; sourceTree = "<group>"; };
		BE2CBFC91B1B52BC0049010E /* CategoryModel.h */ = {isa = PBXFileReference; fileEncoding = 4; lastKnownFileType = sourcecode.c.h; name = CategoryModel.h; path = "Model Classes/CategoryModel.h"; sourceTree = "<group>"; };
		BE2CBFCA1B1B52BC0049010E /* CategoryModel.m */ = {isa = PBXFileReference; fileEncoding = 4; lastKnownFileType = sourcecode.c.objc; name = CategoryModel.m; path = "Model Classes/CategoryModel.m"; sourceTree = "<group>"; };
		BE2CBFCC1B1B58150049010E /* NoteModel.h */ = {isa = PBXFileReference; fileEncoding = 4; lastKnownFileType = sourcecode.c.h; name = NoteModel.h; path = "Model Classes/NoteModel.h"; sourceTree = "<group>"; };
		BE2CBFCD1B1B58150049010E /* NoteModel.m */ = {isa = PBXFileReference; fileEncoding = 4; lastKnownFileType = sourcecode.c.objc; name = NoteModel.m; path = "Model Classes/NoteModel.m"; sourceTree = "<group>"; };
		BE2CBFCF1B1B73980049010E /* NoteHelper.h */ = {isa = PBXFileReference; fileEncoding = 4; lastKnownFileType = sourcecode.c.h; name = NoteHelper.h; path = "Helper Classes/NoteHelper.h"; sourceTree = "<group>"; };
		BE2CBFD01B1B73980049010E /* NoteHelper.m */ = {isa = PBXFileReference; fileEncoding = 4; lastKnownFileType = sourcecode.c.objc; name = NoteHelper.m; path = "Helper Classes/NoteHelper.m"; sourceTree = "<group>"; };
		BE43D3541B1B8A1C00BA7794 /* CategoryHelper.h */ = {isa = PBXFileReference; fileEncoding = 4; lastKnownFileType = sourcecode.c.h; name = CategoryHelper.h; path = "Helper Classes/CategoryHelper.h"; sourceTree = "<group>"; };
		BE43D3551B1B8A1C00BA7794 /* CategoryHelper.m */ = {isa = PBXFileReference; fileEncoding = 4; lastKnownFileType = sourcecode.c.objc; name = CategoryHelper.m; path = "Helper Classes/CategoryHelper.m"; sourceTree = "<group>"; };
		BE43D3571B1B8F5C00BA7794 /* EditCategoryViewController.h */ = {isa = PBXFileReference; fileEncoding = 4; lastKnownFileType = sourcecode.c.h; name = EditCategoryViewController.h; path = ViewControllers/EditCategoryViewController.h; sourceTree = "<group>"; };
		BE43D3581B1B8F5C00BA7794 /* EditCategoryViewController.m */ = {isa = PBXFileReference; fileEncoding = 4; lastKnownFileType = sourcecode.c.objc; name = EditCategoryViewController.m; path = ViewControllers/EditCategoryViewController.m; sourceTree = "<group>"; };
		BE43D35A1B1B950000BA7794 /* ImagePickerHelper.h */ = {isa = PBXFileReference; fileEncoding = 4; lastKnownFileType = sourcecode.c.h; name = ImagePickerHelper.h; path = "Helper Classes/ImagePickerHelper.h"; sourceTree = "<group>"; };
		BE43D35B1B1B950000BA7794 /* ImagePickerHelper.m */ = {isa = PBXFileReference; fileEncoding = 4; lastKnownFileType = sourcecode.c.objc; name = ImagePickerHelper.m; path = "Helper Classes/ImagePickerHelper.m"; sourceTree = "<group>"; };
		BE43D3601B1B98B600BA7794 /* ExpandableSearchBar.h */ = {isa = PBXFileReference; fileEncoding = 4; lastKnownFileType = sourcecode.c.h; name = ExpandableSearchBar.h; path = CustomViews/ExpandableSearchBar/ExpandableSearchBar.h; sourceTree = "<group>"; };
		BE43D3611B1B98B600BA7794 /* ExpandableSearchBar.m */ = {isa = PBXFileReference; fileEncoding = 4; lastKnownFileType = sourcecode.c.objc; name = ExpandableSearchBar.m; path = CustomViews/ExpandableSearchBar/ExpandableSearchBar.m; sourceTree = "<group>"; };
		BE43D3621B1B98B600BA7794 /* ExpandableSearchBar.xib */ = {isa = PBXFileReference; fileEncoding = 4; lastKnownFileType = file.xib; name = ExpandableSearchBar.xib; path = CustomViews/ExpandableSearchBar/ExpandableSearchBar.xib; sourceTree = "<group>"; };
		BE43D3691B1B98FB00BA7794 /* CategoryCollectionView.h */ = {isa = PBXFileReference; fileEncoding = 4; lastKnownFileType = sourcecode.c.h; name = CategoryCollectionView.h; path = CustomViews/CategoryCollectionView/CategoryCollectionView.h; sourceTree = "<group>"; };
		BE43D36A1B1B98FB00BA7794 /* CategoryCollectionView.m */ = {isa = PBXFileReference; fileEncoding = 4; lastKnownFileType = sourcecode.c.objc; name = CategoryCollectionView.m; path = CustomViews/CategoryCollectionView/CategoryCollectionView.m; sourceTree = "<group>"; };
		BE43D36C1B1B991200BA7794 /* CategoryCollectionView.xib */ = {isa = PBXFileReference; fileEncoding = 4; lastKnownFileType = file.xib; name = CategoryCollectionView.xib; path = CustomViews/CategoryCollectionView/CategoryCollectionView.xib; sourceTree = "<group>"; };
		BE43D36E1B1B9A0500BA7794 /* CAImageCollectionLayout.h */ = {isa = PBXFileReference; fileEncoding = 4; lastKnownFileType = sourcecode.c.h; name = CAImageCollectionLayout.h; path = CustomViews/CategoryCollectionView/CAImageCollectionLayout.h; sourceTree = "<group>"; };
		BE43D36F1B1B9A0500BA7794 /* CAImageCollectionLayout.m */ = {isa = PBXFileReference; fileEncoding = 4; lastKnownFileType = sourcecode.c.objc; name = CAImageCollectionLayout.m; path = CustomViews/CategoryCollectionView/CAImageCollectionLayout.m; sourceTree = "<group>"; };
		BE43D3741B1BA62400BA7794 /* CategoryCollectionViewCell.h */ = {isa = PBXFileReference; fileEncoding = 4; lastKnownFileType = sourcecode.c.h; name = CategoryCollectionViewCell.h; path = CustomViews/CategoryCollectionView/CategoryCollectionViewCell.h; sourceTree = "<group>"; };
		BE43D3751B1BA62400BA7794 /* CategoryCollectionViewCell.m */ = {isa = PBXFileReference; fileEncoding = 4; lastKnownFileType = sourcecode.c.objc; name = CategoryCollectionViewCell.m; path = CustomViews/CategoryCollectionView/CategoryCollectionViewCell.m; sourceTree = "<group>"; };
		BE43D3761B1BA62400BA7794 /* CategoryCollectionViewCell.xib */ = {isa = PBXFileReference; fileEncoding = 4; lastKnownFileType = file.xib; name = CategoryCollectionViewCell.xib; path = CustomViews/CategoryCollectionView/CategoryCollectionViewCell.xib; sourceTree = "<group>"; };
		BE91460D1B0893C70084D0FA /* sticky note.app */ = {isa = PBXFileReference; explicitFileType = wrapper.application; includeInIndex = 0; path = "sticky note.app"; sourceTree = BUILT_PRODUCTS_DIR; };
		BE9146111B0893C70084D0FA /* Info.plist */ = {isa = PBXFileReference; lastKnownFileType = text.plist.xml; path = Info.plist; sourceTree = "<group>"; };
		BE9146121B0893C70084D0FA /* main.m */ = {isa = PBXFileReference; lastKnownFileType = sourcecode.c.objc; path = main.m; sourceTree = "<group>"; };
		BE9146141B0893C70084D0FA /* AppDelegate.h */ = {isa = PBXFileReference; lastKnownFileType = sourcecode.c.h; path = AppDelegate.h; sourceTree = "<group>"; };
		BE9146151B0893C70084D0FA /* AppDelegate.m */ = {isa = PBXFileReference; lastKnownFileType = sourcecode.c.objc; path = AppDelegate.m; sourceTree = "<group>"; };
		BE91461E1B0893C70084D0FA /* Base */ = {isa = PBXFileReference; lastKnownFileType = file.storyboard; name = Base; path = Base.lproj/Main.storyboard; sourceTree = "<group>"; };
		BE9146201B0893C70084D0FA /* Images.xcassets */ = {isa = PBXFileReference; lastKnownFileType = folder.assetcatalog; path = Images.xcassets; sourceTree = "<group>"; };
		BE9146231B0893C70084D0FA /* Base */ = {isa = PBXFileReference; lastKnownFileType = file.xib; name = Base; path = Base.lproj/LaunchScreen.xib; sourceTree = "<group>"; };
		BE9146291B0893C70084D0FA /* sticky noteTests.xctest */ = {isa = PBXFileReference; explicitFileType = wrapper.cfbundle; includeInIndex = 0; path = "sticky noteTests.xctest"; sourceTree = BUILT_PRODUCTS_DIR; };
		BE91462E1B0893C70084D0FA /* Info.plist */ = {isa = PBXFileReference; lastKnownFileType = text.plist.xml; path = Info.plist; sourceTree = "<group>"; };
		BE91462F1B0893C70084D0FA /* sticky_noteTests.m */ = {isa = PBXFileReference; lastKnownFileType = sourcecode.c.objc; path = sticky_noteTests.m; sourceTree = "<group>"; };
		BE9146391B08A2F40084D0FA /* CategoryViewController.h */ = {isa = PBXFileReference; fileEncoding = 4; lastKnownFileType = sourcecode.c.h; name = CategoryViewController.h; path = ViewControllers/CategoryViewController.h; sourceTree = "<group>"; };
		BE91463A1B08A2F40084D0FA /* CategoryViewController.m */ = {isa = PBXFileReference; fileEncoding = 4; lastKnownFileType = sourcecode.c.objc; name = CategoryViewController.m; path = ViewControllers/CategoryViewController.m; sourceTree = "<group>"; };
		BE91463D1B08A3100084D0FA /* SearchViewController.h */ = {isa = PBXFileReference; fileEncoding = 4; lastKnownFileType = sourcecode.c.h; name = SearchViewController.h; path = ViewControllers/SearchViewController.h; sourceTree = "<group>"; };
		BE91463E1B08A3100084D0FA /* SearchViewController.m */ = {isa = PBXFileReference; fileEncoding = 4; lastKnownFileType = sourcecode.c.objc; name = SearchViewController.m; path = ViewControllers/SearchViewController.m; sourceTree = "<group>"; };
		BE9146461B08A6E80084D0FA /* QuickNoteViewController.h */ = {isa = PBXFileReference; fileEncoding = 4; lastKnownFileType = sourcecode.c.h; name = QuickNoteViewController.h; path = ViewControllers/QuickNoteViewController.h; sourceTree = "<group>"; };
		BE9146471B08A6E80084D0FA /* QuickNoteViewController.m */ = {isa = PBXFileReference; fileEncoding = 4; lastKnownFileType = sourcecode.c.objc; name = QuickNoteViewController.m; path = ViewControllers/QuickNoteViewController.m; sourceTree = "<group>"; };
/* End PBXFileReference section */

/* Begin PBXFrameworksBuildPhase section */
		BE91460A1B0893C70084D0FA /* Frameworks */ = {
			isa = PBXFrameworksBuildPhase;
			buildActionMask = 2147483647;
			files = (
			);
			runOnlyForDeploymentPostprocessing = 0;
		};
		BE9146261B0893C70084D0FA /* Frameworks */ = {
			isa = PBXFrameworksBuildPhase;
			buildActionMask = 2147483647;
			files = (
			);
			runOnlyForDeploymentPostprocessing = 0;
		};
/* End PBXFrameworksBuildPhase section */

/* Begin PBXGroup section */
		BE2CBFB51B1B48A20049010E /* Model Classes */ = {
			isa = PBXGroup;
			children = (
				BE2CBFCC1B1B58150049010E /* NoteModel.h */,
				BE2CBFCD1B1B58150049010E /* NoteModel.m */,
				BE2CBFC91B1B52BC0049010E /* CategoryModel.h */,
				BE2CBFCA1B1B52BC0049010E /* CategoryModel.m */,
				BE2CBFB61B1B48AC0049010E /* AppCoreModel.h */,
				BE2CBFB71B1B48AC0049010E /* AppCoreModel.m */,
				BE2CBFBD1B1B4B5E0049010E /* AppCoreDataModel.xcdatamodeld */,
			);
			name = "Model Classes";
			sourceTree = "<group>";
		};
		BE2CBFB91B1B49EF0049010E /* Helper Classes */ = {
			isa = PBXGroup;
			children = (
				BE43D35A1B1B950000BA7794 /* ImagePickerHelper.h */,
				BE43D35B1B1B950000BA7794 /* ImagePickerHelper.m */,
				BE2CBFBA1B1B4A2F0049010E /* CoreDataCommonHelper.h */,
				BE2CBFBB1B1B4A2F0049010E /* CoreDataCommonHelper.m */,
				BE2CBFCF1B1B73980049010E /* NoteHelper.h */,
				BE2CBFD01B1B73980049010E /* NoteHelper.m */,
				BE43D3541B1B8A1C00BA7794 /* CategoryHelper.h */,
				BE43D3551B1B8A1C00BA7794 /* CategoryHelper.m */,
			);
			name = "Helper Classes";
			sourceTree = "<group>";
		};
		BE43D35F1B1B988800BA7794 /* ExpandableSearchBar */ = {
			isa = PBXGroup;
			children = (
				BE43D3601B1B98B600BA7794 /* ExpandableSearchBar.h */,
				BE43D3611B1B98B600BA7794 /* ExpandableSearchBar.m */,
				BE43D3621B1B98B600BA7794 /* ExpandableSearchBar.xib */,
			);
			name = ExpandableSearchBar;
			sourceTree = "<group>";
		};
		BE43D3651B1B98BC00BA7794 /* CategoryCollectionView */ = {
			isa = PBXGroup;
			children = (
				BE43D36E1B1B9A0500BA7794 /* CAImageCollectionLayout.h */,
				BE43D36F1B1B9A0500BA7794 /* CAImageCollectionLayout.m */,
				BE43D3691B1B98FB00BA7794 /* CategoryCollectionView.h */,
				BE43D36A1B1B98FB00BA7794 /* CategoryCollectionView.m */,
				BE43D36C1B1B991200BA7794 /* CategoryCollectionView.xib */,
				BE43D3741B1BA62400BA7794 /* CategoryCollectionViewCell.h */,
				BE43D3751B1BA62400BA7794 /* CategoryCollectionViewCell.m */,
				BE43D3761B1BA62400BA7794 /* CategoryCollectionViewCell.xib */,
			);
			name = CategoryCollectionView;
			sourceTree = "<group>";
		};
		BE9146041B0893C70084D0FA = {
			isa = PBXGroup;
			children = (
				BE91460F1B0893C70084D0FA /* sticky note */,
				BE91462C1B0893C70084D0FA /* sticky noteTests */,
				BE91460E1B0893C70084D0FA /* Products */,
			);
			sourceTree = "<group>";
		};
		BE91460E1B0893C70084D0FA /* Products */ = {
			isa = PBXGroup;
			children = (
				BE91460D1B0893C70084D0FA /* sticky note.app */,
				BE9146291B0893C70084D0FA /* sticky noteTests.xctest */,
			);
			name = Products;
			sourceTree = "<group>";
		};
		BE91460F1B0893C70084D0FA /* sticky note */ = {
			isa = PBXGroup;
			children = (
				BE2CBFB91B1B49EF0049010E /* Helper Classes */,
				BE2CBFB51B1B48A20049010E /* Model Classes */,
				BE9146401B08A3530084D0FA /* CustomViews */,
				BE91463C1B08A2FB0084D0FA /* ViewControllers */,
				BE9146141B0893C70084D0FA /* AppDelegate.h */,
				BE9146151B0893C70084D0FA /* AppDelegate.m */,
				BE91461D1B0893C70084D0FA /* Main.storyboard */,
				BE9146201B0893C70084D0FA /* Images.xcassets */,
				BE9146221B0893C70084D0FA /* LaunchScreen.xib */,
				BE9146101B0893C70084D0FA /* Supporting Files */,
			);
			path = "sticky note";
			sourceTree = "<group>";
		};
		BE9146101B0893C70084D0FA /* Supporting Files */ = {
			isa = PBXGroup;
			children = (
				BE9146111B0893C70084D0FA /* Info.plist */,
				BE9146121B0893C70084D0FA /* main.m */,
			);
			name = "Supporting Files";
			sourceTree = "<group>";
		};
		BE91462C1B0893C70084D0FA /* sticky noteTests */ = {
			isa = PBXGroup;
			children = (
				BE91462F1B0893C70084D0FA /* sticky_noteTests.m */,
				BE91462D1B0893C70084D0FA /* Supporting Files */,
			);
			path = "sticky noteTests";
			sourceTree = "<group>";
		};
		BE91462D1B0893C70084D0FA /* Supporting Files */ = {
			isa = PBXGroup;
			children = (
				BE91462E1B0893C70084D0FA /* Info.plist */,
			);
			name = "Supporting Files";
			sourceTree = "<group>";
		};
		BE91463C1B08A2FB0084D0FA /* ViewControllers */ = {
			isa = PBXGroup;
			children = (
				BE9146391B08A2F40084D0FA /* CategoryViewController.h */,
				BE91463A1B08A2F40084D0FA /* CategoryViewController.m */,
				BE91463D1B08A3100084D0FA /* SearchViewController.h */,
				BE91463E1B08A3100084D0FA /* SearchViewController.m */,
				BE9146461B08A6E80084D0FA /* QuickNoteViewController.h */,
				BE9146471B08A6E80084D0FA /* QuickNoteViewController.m */,
				BE43D3571B1B8F5C00BA7794 /* EditCategoryViewController.h */,
				BE43D3581B1B8F5C00BA7794 /* EditCategoryViewController.m */,
			);
			name = ViewControllers;
			sourceTree = "<group>";
		};
		BE9146401B08A3530084D0FA /* CustomViews */ = {
			isa = PBXGroup;
			children = (
				BE43D3651B1B98BC00BA7794 /* CategoryCollectionView */,
				BE43D35F1B1B988800BA7794 /* ExpandableSearchBar */,
			);
			name = CustomViews;
			sourceTree = "<group>";
		};
/* End PBXGroup section */

/* Begin PBXNativeTarget section */
		BE91460C1B0893C70084D0FA /* sticky note */ = {
			isa = PBXNativeTarget;
			buildConfigurationList = BE9146331B0893C70084D0FA /* Build configuration list for PBXNativeTarget "sticky note" */;
			buildPhases = (
				BE9146091B0893C70084D0FA /* Sources */,
				BE91460A1B0893C70084D0FA /* Frameworks */,
				BE91460B1B0893C70084D0FA /* Resources */,
			);
			buildRules = (
			);
			dependencies = (
			);
			name = "sticky note";
			productName = "sticky note";
			productReference = BE91460D1B0893C70084D0FA /* sticky note.app */;
			productType = "com.apple.product-type.application";
		};
		BE9146281B0893C70084D0FA /* sticky noteTests */ = {
			isa = PBXNativeTarget;
			buildConfigurationList = BE9146361B0893C70084D0FA /* Build configuration list for PBXNativeTarget "sticky noteTests" */;
			buildPhases = (
				BE9146251B0893C70084D0FA /* Sources */,
				BE9146261B0893C70084D0FA /* Frameworks */,
				BE9146271B0893C70084D0FA /* Resources */,
			);
			buildRules = (
			);
			dependencies = (
				BE91462B1B0893C70084D0FA /* PBXTargetDependency */,
			);
			name = "sticky noteTests";
			productName = "sticky noteTests";
			productReference = BE9146291B0893C70084D0FA /* sticky noteTests.xctest */;
			productType = "com.apple.product-type.bundle.unit-test";
		};
/* End PBXNativeTarget section */

/* Begin PBXProject section */
		BE9146051B0893C70084D0FA /* Project object */ = {
			isa = PBXProject;
			attributes = {
				LastUpgradeCheck = 0630;
				ORGANIZATIONNAME = "Apps Fellow";
				TargetAttributes = {
					BE91460C1B0893C70084D0FA = {
						CreatedOnToolsVersion = 6.3.1;
					};
					BE9146281B0893C70084D0FA = {
						CreatedOnToolsVersion = 6.3.1;
						TestTargetID = BE91460C1B0893C70084D0FA;
					};
				};
			};
			buildConfigurationList = BE9146081B0893C70084D0FA /* Build configuration list for PBXProject "sticky note" */;
			compatibilityVersion = "Xcode 3.2";
			developmentRegion = English;
			hasScannedForEncodings = 0;
			knownRegions = (
				en,
				Base,
			);
			mainGroup = BE9146041B0893C70084D0FA;
			productRefGroup = BE91460E1B0893C70084D0FA /* Products */;
			projectDirPath = "";
			projectRoot = "";
			targets = (
				BE91460C1B0893C70084D0FA /* sticky note */,
				BE9146281B0893C70084D0FA /* sticky noteTests */,
			);
		};
/* End PBXProject section */

/* Begin PBXResourcesBuildPhase section */
		BE91460B1B0893C70084D0FA /* Resources */ = {
			isa = PBXResourcesBuildPhase;
			buildActionMask = 2147483647;
			files = (
				BE43D3781B1BA62400BA7794 /* CategoryCollectionViewCell.xib in Resources */,
				BE43D36D1B1B991200BA7794 /* CategoryCollectionView.xib in Resources */,
				BE91461F1B0893C70084D0FA /* Main.storyboard in Resources */,
				BE9146241B0893C70084D0FA /* LaunchScreen.xib in Resources */,
				BE9146211B0893C70084D0FA /* Images.xcassets in Resources */,
				BE43D3641B1B98B600BA7794 /* ExpandableSearchBar.xib in Resources */,
			);
			runOnlyForDeploymentPostprocessing = 0;
		};
		BE9146271B0893C70084D0FA /* Resources */ = {
			isa = PBXResourcesBuildPhase;
			buildActionMask = 2147483647;
			files = (
			);
			runOnlyForDeploymentPostprocessing = 0;
		};
/* End PBXResourcesBuildPhase section */

/* Begin PBXSourcesBuildPhase section */
		BE9146091B0893C70084D0FA /* Sources */ = {
			isa = PBXSourcesBuildPhase;
			buildActionMask = 2147483647;
			files = (
				BE43D3771B1BA62400BA7794 /* CategoryCollectionViewCell.m in Sources */,
				BE9146481B08A6E80084D0FA /* QuickNoteViewController.m in Sources */,
				BE2CBFCB1B1B52BC0049010E /* CategoryModel.m in Sources */,
				BE2CBFCE1B1B58150049010E /* NoteModel.m in Sources */,
				BE9146161B0893C70084D0FA /* AppDelegate.m in Sources */,
				BE2CBFB81B1B48AC0049010E /* AppCoreModel.m in Sources */,
				BE91463B1B08A2F40084D0FA /* CategoryViewController.m in Sources */,
				BE43D35C1B1B950000BA7794 /* ImagePickerHelper.m in Sources */,
				BE43D3701B1B9A0500BA7794 /* CAImageCollectionLayout.m in Sources */,
				BE43D3631B1B98B600BA7794 /* ExpandableSearchBar.m in Sources */,
				BE43D36B1B1B98FB00BA7794 /* CategoryCollectionView.m in Sources */,
				BE2CBFBC1B1B4A2F0049010E /* CoreDataCommonHelper.m in Sources */,
				BE43D3561B1B8A1C00BA7794 /* CategoryHelper.m in Sources */,
				BE91463F1B08A3100084D0FA /* SearchViewController.m in Sources */,
				BE2CBFD11B1B73980049010E /* NoteHelper.m in Sources */,
				BE2CBFBF1B1B4B5E0049010E /* AppCoreDataModel.xcdatamodeld in Sources */,
				BE43D3591B1B8F5C00BA7794 /* EditCategoryViewController.m in Sources */,
				BE9146131B0893C70084D0FA /* main.m in Sources */,
			);
			runOnlyForDeploymentPostprocessing = 0;
		};
		BE9146251B0893C70084D0FA /* Sources */ = {
			isa = PBXSourcesBuildPhase;
			buildActionMask = 2147483647;
			files = (
				BE9146301B0893C70084D0FA /* sticky_noteTests.m in Sources */,
			);
			runOnlyForDeploymentPostprocessing = 0;
		};
/* End PBXSourcesBuildPhase section */

/* Begin PBXTargetDependency section */
		BE91462B1B0893C70084D0FA /* PBXTargetDependency */ = {
			isa = PBXTargetDependency;
			target = BE91460C1B0893C70084D0FA /* sticky note */;
			targetProxy = BE91462A1B0893C70084D0FA /* PBXContainerItemProxy */;
		};
/* End PBXTargetDependency section */

/* Begin PBXVariantGroup section */
		BE91461D1B0893C70084D0FA /* Main.storyboard */ = {
			isa = PBXVariantGroup;
			children = (
				BE91461E1B0893C70084D0FA /* Base */,
			);
			name = Main.storyboard;
			sourceTree = "<group>";
		};
		BE9146221B0893C70084D0FA /* LaunchScreen.xib */ = {
			isa = PBXVariantGroup;
			children = (
				BE9146231B0893C70084D0FA /* Base */,
			);
			name = LaunchScreen.xib;
			sourceTree = "<group>";
		};
/* End PBXVariantGroup section */

/* Begin XCBuildConfiguration section */
		BE9146311B0893C70084D0FA /* Debug */ = {
			isa = XCBuildConfiguration;
			buildSettings = {
				ALWAYS_SEARCH_USER_PATHS = NO;
				CLANG_CXX_LANGUAGE_STANDARD = "gnu++0x";
				CLANG_CXX_LIBRARY = "libc++";
				CLANG_ENABLE_MODULES = YES;
				CLANG_ENABLE_OBJC_ARC = YES;
				CLANG_WARN_BOOL_CONVERSION = YES;
				CLANG_WARN_CONSTANT_CONVERSION = YES;
				CLANG_WARN_DIRECT_OBJC_ISA_USAGE = YES_ERROR;
				CLANG_WARN_EMPTY_BODY = YES;
				CLANG_WARN_ENUM_CONVERSION = YES;
				CLANG_WARN_INT_CONVERSION = YES;
				CLANG_WARN_OBJC_ROOT_CLASS = YES_ERROR;
				CLANG_WARN_UNREACHABLE_CODE = YES;
				CLANG_WARN__DUPLICATE_METHOD_MATCH = YES;
				"CODE_SIGN_IDENTITY[sdk=iphoneos*]" = "iPhone Developer";
				COPY_PHASE_STRIP = NO;
				DEBUG_INFORMATION_FORMAT = "dwarf-with-dsym";
				ENABLE_STRICT_OBJC_MSGSEND = YES;
				GCC_C_LANGUAGE_STANDARD = gnu99;
				GCC_DYNAMIC_NO_PIC = NO;
				GCC_NO_COMMON_BLOCKS = YES;
				GCC_OPTIMIZATION_LEVEL = 0;
				GCC_PREPROCESSOR_DEFINITIONS = (
					"DEBUG=1",
					"$(inherited)",
				);
				GCC_SYMBOLS_PRIVATE_EXTERN = NO;
				GCC_WARN_64_TO_32_BIT_CONVERSION = YES;
				GCC_WARN_ABOUT_RETURN_TYPE = YES_ERROR;
				GCC_WARN_UNDECLARED_SELECTOR = YES;
				GCC_WARN_UNINITIALIZED_AUTOS = YES_AGGRESSIVE;
				GCC_WARN_UNUSED_FUNCTION = YES;
				GCC_WARN_UNUSED_VARIABLE = YES;
				IPHONEOS_DEPLOYMENT_TARGET = 8.3;
				MTL_ENABLE_DEBUG_INFO = YES;
				ONLY_ACTIVE_ARCH = YES;
				SDKROOT = iphoneos;
				TARGETED_DEVICE_FAMILY = "1,2";
			};
			name = Debug;
		};
		BE9146321B0893C70084D0FA /* Release */ = {
			isa = XCBuildConfiguration;
			buildSettings = {
				ALWAYS_SEARCH_USER_PATHS = NO;
				CLANG_CXX_LANGUAGE_STANDARD = "gnu++0x";
				CLANG_CXX_LIBRARY = "libc++";
				CLANG_ENABLE_MODULES = YES;
				CLANG_ENABLE_OBJC_ARC = YES;
				CLANG_WARN_BOOL_CONVERSION = YES;
				CLANG_WARN_CONSTANT_CONVERSION = YES;
				CLANG_WARN_DIRECT_OBJC_ISA_USAGE = YES_ERROR;
				CLANG_WARN_EMPTY_BODY = YES;
				CLANG_WARN_ENUM_CONVERSION = YES;
				CLANG_WARN_INT_CONVERSION = YES;
				CLANG_WARN_OBJC_ROOT_CLASS = YES_ERROR;
				CLANG_WARN_UNREACHABLE_CODE = YES;
				CLANG_WARN__DUPLICATE_METHOD_MATCH = YES;
				"CODE_SIGN_IDENTITY[sdk=iphoneos*]" = "iPhone Developer";
				COPY_PHASE_STRIP = NO;
				DEBUG_INFORMATION_FORMAT = "dwarf-with-dsym";
				ENABLE_NS_ASSERTIONS = NO;
				ENABLE_STRICT_OBJC_MSGSEND = YES;
				GCC_C_LANGUAGE_STANDARD = gnu99;
				GCC_NO_COMMON_BLOCKS = YES;
				GCC_WARN_64_TO_32_BIT_CONVERSION = YES;
				GCC_WARN_ABOUT_RETURN_TYPE = YES_ERROR;
				GCC_WARN_UNDECLARED_SELECTOR = YES;
				GCC_WARN_UNINITIALIZED_AUTOS = YES_AGGRESSIVE;
				GCC_WARN_UNUSED_FUNCTION = YES;
				GCC_WARN_UNUSED_VARIABLE = YES;
				IPHONEOS_DEPLOYMENT_TARGET = 8.3;
				MTL_ENABLE_DEBUG_INFO = NO;
				SDKROOT = iphoneos;
				TARGETED_DEVICE_FAMILY = "1,2";
				VALIDATE_PRODUCT = YES;
			};
			name = Release;
		};
		BE9146341B0893C70084D0FA /* Debug */ = {
			isa = XCBuildConfiguration;
			buildSettings = {
				ASSETCATALOG_COMPILER_APPICON_NAME = AppIcon;
				INFOPLIST_FILE = "sticky note/Info.plist";
				LD_RUNPATH_SEARCH_PATHS = "$(inherited) @executable_path/Frameworks";
				PRODUCT_NAME = "$(TARGET_NAME)";
			};
			name = Debug;
		};
		BE9146351B0893C70084D0FA /* Release */ = {
			isa = XCBuildConfiguration;
			buildSettings = {
				ASSETCATALOG_COMPILER_APPICON_NAME = AppIcon;
				INFOPLIST_FILE = "sticky note/Info.plist";
				LD_RUNPATH_SEARCH_PATHS = "$(inherited) @executable_path/Frameworks";
				PRODUCT_NAME = "$(TARGET_NAME)";
			};
			name = Release;
		};
		BE9146371B0893C70084D0FA /* Debug */ = {
			isa = XCBuildConfiguration;
			buildSettings = {
				BUNDLE_LOADER = "$(TEST_HOST)";
				FRAMEWORK_SEARCH_PATHS = (
					"$(SDKROOT)/Developer/Library/Frameworks",
					"$(inherited)",
				);
				GCC_PREPROCESSOR_DEFINITIONS = (
					"DEBUG=1",
					"$(inherited)",
				);
				INFOPLIST_FILE = "sticky noteTests/Info.plist";
				LD_RUNPATH_SEARCH_PATHS = "$(inherited) @executable_path/Frameworks @loader_path/Frameworks";
				PRODUCT_NAME = "$(TARGET_NAME)";
				TEST_HOST = "$(BUILT_PRODUCTS_DIR)/sticky note.app/sticky note";
			};
			name = Debug;
		};
		BE9146381B0893C70084D0FA /* Release */ = {
			isa = XCBuildConfiguration;
			buildSettings = {
				BUNDLE_LOADER = "$(TEST_HOST)";
				FRAMEWORK_SEARCH_PATHS = (
					"$(SDKROOT)/Developer/Library/Frameworks",
					"$(inherited)",
				);
				INFOPLIST_FILE = "sticky noteTests/Info.plist";
				LD_RUNPATH_SEARCH_PATHS = "$(inherited) @executable_path/Frameworks @loader_path/Frameworks";
				PRODUCT_NAME = "$(TARGET_NAME)";
				TEST_HOST = "$(BUILT_PRODUCTS_DIR)/sticky note.app/sticky note";
			};
			name = Release;
		};
/* End XCBuildConfiguration section */

/* Begin XCConfigurationList section */
		BE9146081B0893C70084D0FA /* Build configuration list for PBXProject "sticky note" */ = {
			isa = XCConfigurationList;
			buildConfigurations = (
				BE9146311B0893C70084D0FA /* Debug */,
				BE9146321B0893C70084D0FA /* Release */,
			);
			defaultConfigurationIsVisible = 0;
			defaultConfigurationName = Release;
		};
		BE9146331B0893C70084D0FA /* Build configuration list for PBXNativeTarget "sticky note" */ = {
			isa = XCConfigurationList;
			buildConfigurations = (
				BE9146341B0893C70084D0FA /* Debug */,
				BE9146351B0893C70084D0FA /* Release */,
			);
			defaultConfigurationIsVisible = 0;
			defaultConfigurationName = Release;
		};
		BE9146361B0893C70084D0FA /* Build configuration list for PBXNativeTarget "sticky noteTests" */ = {
			isa = XCConfigurationList;
			buildConfigurations = (
				BE9146371B0893C70084D0FA /* Debug */,
				BE9146381B0893C70084D0FA /* Release */,
			);
			defaultConfigurationIsVisible = 0;
			defaultConfigurationName = Release;
		};
/* End XCConfigurationList section */

/* Begin XCVersionGroup section */
		BE2CBFBD1B1B4B5E0049010E /* AppCoreDataModel.xcdatamodeld */ = {
			isa = XCVersionGroup;
			children = (
				BE2CBFBE1B1B4B5E0049010E /* AppCoreDataModel.xcdatamodel */,
			);
			currentVersion = BE2CBFBE1B1B4B5E0049010E /* AppCoreDataModel.xcdatamodel */;
			name = AppCoreDataModel.xcdatamodeld;
			path = "Model Classes/AppCoreDataModel.xcdatamodeld";
			sourceTree = "<group>";
			versionGroupType = wrapper.xcdatamodel;
		};
/* End XCVersionGroup section */
	};
	rootObject = BE9146051B0893C70084D0FA /* Project object */;
}
